
Microsoft Visual Studio Solution File, Format Version 12.00
# Visual Studio Version 17
VisualStudioVersion = 17.11.35327.3
MinimumVisualStudioVersion = 10.0.40219.1
Project("{9A19103F-16F7-4668-BE54-9A1E7A4F7556}") = "AuctionService", "src\AuctionService\AuctionService.csproj", "{A05B6EFE-974B-427A-9B86-6A54CF2BA009}"
EndProject
Project("{FAE04EC0-301F-11D3-BF4B-00C04F79EFBC}") = "SearchService", "src\SearchService\SearchService.csproj", "{D6D980E0-8B4D-436E-8A22-41A05AD6C902}"
EndProject
Project("{FAE04EC0-301F-11D3-BF4B-00C04F79EFBC}") = "Contracts", "src\Contracts\Contracts.csproj", "{E1ACC07A-D3C4-4118-800A-E8B9500BF9DB}"
EndProject
Project("{FAE04EC0-301F-11D3-BF4B-00C04F79EFBC}") = "IdentityService", "src\IdentityService\IdentityService.csproj", "{26A96766-8C25-40BD-90A5-05C31FED681E}"
EndProject
Global
	GlobalSection(SolutionConfigurationPlatforms) = preSolution
		Debug|Any CPU = Debug|Any CPU
		Release|Any CPU = Release|Any CPU
	EndGlobalSection
	GlobalSection(ProjectConfigurationPlatforms) = postSolution
		{A05B6EFE-974B-427A-9B86-6A54CF2BA009}.Debug|Any CPU.ActiveCfg = Debug|Any CPU
		{A05B6EFE-974B-427A-9B86-6A54CF2BA009}.Debug|Any CPU.Build.0 = Debug|Any CPU
		{A05B6EFE-974B-427A-9B86-6A54CF2BA009}.Release|Any CPU.ActiveCfg = Release|Any CPU
		{A05B6EFE-974B-427A-9B86-6A54CF2BA009}.Release|Any CPU.Build.0 = Release|Any CPU
		{D6D980E0-8B4D-436E-8A22-41A05AD6C902}.Debug|Any CPU.ActiveCfg = Debug|Any CPU
		{D6D980E0-8B4D-436E-8A22-41A05AD6C902}.Debug|Any CPU.Build.0 = Debug|Any CPU
		{D6D980E0-8B4D-436E-8A22-41A05AD6C902}.Release|Any CPU.ActiveCfg = Release|Any CPU
		{D6D980E0-8B4D-436E-8A22-41A05AD6C902}.Release|Any CPU.Build.0 = Release|Any CPU
		{E1ACC07A-D3C4-4118-800A-E8B9500BF9DB}.Debug|Any CPU.ActiveCfg = Debug|Any CPU
		{E1ACC07A-D3C4-4118-800A-E8B9500BF9DB}.Debug|Any CPU.Build.0 = Debug|Any CPU
		{E1ACC07A-D3C4-4118-800A-E8B9500BF9DB}.Release|Any CPU.ActiveCfg = Release|Any CPU
		{E1ACC07A-D3C4-4118-800A-E8B9500BF9DB}.Release|Any CPU.Build.0 = Release|Any CPU
		{26A96766-8C25-40BD-90A5-05C31FED681E}.Debug|Any CPU.ActiveCfg = Debug|Any CPU
		{26A96766-8C25-40BD-90A5-05C31FED681E}.Debug|Any CPU.Build.0 = Debug|Any CPU
		{26A96766-8C25-40BD-90A5-05C31FED681E}.Release|Any CPU.ActiveCfg = Release|Any CPU
		{26A96766-8C25-40BD-90A5-05C31FED681E}.Release|Any CPU.Build.0 = Release|Any CPU
	EndGlobalSection
	GlobalSection(SolutionProperties) = preSolution
		HideSolutionNode = FALSE
	EndGlobalSection
	GlobalSection(ExtensibilityGlobals) = postSolution
		SolutionGuid = {23A6EE5C-1AFC-4CB6-9883-EF64862996EF}
	EndGlobalSection
EndGlobal
